// !$*UTF8*$!
{
	archiveVersion = 1;
	classes = {
	};
	objectVersion = 56;
	objects = {

/* Begin PBXBuildFile section */
		5E46EC5AAE31118A736DE542 /* libPods-HaapiModule.a in Frameworks */ = {isa = PBXBuildFile; fileRef = 7751C9D7B3F15EC5702CA498 /* libPods-HaapiModule.a */; };
		65B6F8682B8CDC5500AC54A9 /* HaapiModule.swift in Sources */ = {isa = PBXBuildFile; fileRef = 65B6F8652B8CDC5500AC54A9 /* HaapiModule.swift */; };
		65B6F8692B8CDC5500AC54A9 /* HaapiModule.m in Sources */ = {isa = PBXBuildFile; fileRef = 65B6F8662B8CDC5500AC54A9 /* HaapiModule.m */; };
		65B6F86A2B8CDC5500AC54A9 /* ConfigurationHelper.swift in Sources */ = {isa = PBXBuildFile; fileRef = 65B6F8672B8CDC5500AC54A9 /* ConfigurationHelper.swift */; };
/* End PBXBuildFile section */

/* Begin PBXCopyFilesBuildPhase section */
		65B6F83D2B8CD91800AC54A9 /* CopyFiles */ = {
			isa = PBXCopyFilesBuildPhase;
			buildActionMask = 2147483647;
			dstPath = "include/$(PRODUCT_NAME)";
			dstSubfolderSpec = 16;
			files = (
			);
			runOnlyForDeploymentPostprocessing = 0;
		};
/* End PBXCopyFilesBuildPhase section */

/* Begin PBXFileReference section */
		2064A052866A8BEFDEC5032B /* Pods-HaapiModule.debug.xcconfig */ = {isa = PBXFileReference; includeInIndex = 1; lastKnownFileType = text.xcconfig; name = "Pods-HaapiModule.debug.xcconfig"; path = "Target Support Files/Pods-HaapiModule/Pods-HaapiModule.debug.xcconfig"; sourceTree = "<group>"; };
		65B6F83F2B8CD91800AC54A9 /* libHaapiModule.a */ = {isa = PBXFileReference; explicitFileType = archive.ar; includeInIndex = 0; path = libHaapiModule.a; sourceTree = BUILT_PRODUCTS_DIR; };
		65B6F8642B8CDC5500AC54A9 /* HaapiModule-Bridging-Header.h */ = {isa = PBXFileReference; fileEncoding = 4; lastKnownFileType = sourcecode.c.h; path = "HaapiModule-Bridging-Header.h"; sourceTree = "<group>"; };
		65B6F8652B8CDC5500AC54A9 /* HaapiModule.swift */ = {isa = PBXFileReference; fileEncoding = 4; lastKnownFileType = sourcecode.swift; path = HaapiModule.swift; sourceTree = "<group>"; };
		65B6F8662B8CDC5500AC54A9 /* HaapiModule.m */ = {isa = PBXFileReference; fileEncoding = 4; lastKnownFileType = sourcecode.c.objc; path = HaapiModule.m; sourceTree = "<group>"; };
		65B6F8672B8CDC5500AC54A9 /* ConfigurationHelper.swift */ = {isa = PBXFileReference; fileEncoding = 4; lastKnownFileType = sourcecode.swift; path = ConfigurationHelper.swift; sourceTree = "<group>"; };
		7751C9D7B3F15EC5702CA498 /* libPods-HaapiModule.a */ = {isa = PBXFileReference; explicitFileType = archive.ar; includeInIndex = 0; path = "libPods-HaapiModule.a"; sourceTree = BUILT_PRODUCTS_DIR; };
		9654A8B9DEEC1259A745EA63 /* Pods-HaapiModule.release.xcconfig */ = {isa = PBXFileReference; includeInIndex = 1; lastKnownFileType = text.xcconfig; name = "Pods-HaapiModule.release.xcconfig"; path = "Target Support Files/Pods-HaapiModule/Pods-HaapiModule.release.xcconfig"; sourceTree = "<group>"; };
/* End PBXFileReference section */

/* Begin PBXFrameworksBuildPhase section */
		65B6F83C2B8CD91800AC54A9 /* Frameworks */ = {
			isa = PBXFrameworksBuildPhase;
			buildActionMask = 2147483647;
			files = (
				5E46EC5AAE31118A736DE542 /* libPods-HaapiModule.a in Frameworks */,
			);
			runOnlyForDeploymentPostprocessing = 0;
		};
/* End PBXFrameworksBuildPhase section */

/* Begin PBXGroup section */
		5D8522AD620596F14AA4AAE0 /* Pods */ = {
			isa = PBXGroup;
			children = (
				2064A052866A8BEFDEC5032B /* Pods-HaapiModule.debug.xcconfig */,
				9654A8B9DEEC1259A745EA63 /* Pods-HaapiModule.release.xcconfig */,
			);
			path = Pods;
			sourceTree = "<group>";
		};
		65B6F8362B8CD91800AC54A9 = {
			isa = PBXGroup;
			children = (
				65B6F8632B8CDC5500AC54A9 /* HaapiModule */,
				65B6F8402B8CD91800AC54A9 /* Products */,
				5D8522AD620596F14AA4AAE0 /* Pods */,
				84C1BB77743FEC0AAD2C1194 /* Frameworks */,
			);
			sourceTree = "<group>";
		};
		65B6F8402B8CD91800AC54A9 /* Products */ = {
			isa = PBXGroup;
			children = (
				65B6F83F2B8CD91800AC54A9 /* libHaapiModule.a */,
			);
			name = Products;
			sourceTree = "<group>";
		};
		65B6F8632B8CDC5500AC54A9 /* HaapiModule */ = {
			isa = PBXGroup;
			children = (
				65B6F8642B8CDC5500AC54A9 /* HaapiModule-Bridging-Header.h */,
				65B6F8652B8CDC5500AC54A9 /* HaapiModule.swift */,
				65B6F8662B8CDC5500AC54A9 /* HaapiModule.m */,
				65B6F8672B8CDC5500AC54A9 /* ConfigurationHelper.swift */,
			);
			path = HaapiModule;
			sourceTree = "<group>";
		};
		84C1BB77743FEC0AAD2C1194 /* Frameworks */ = {
			isa = PBXGroup;
			children = (
				7751C9D7B3F15EC5702CA498 /* libPods-HaapiModule.a */,
			);
			name = Frameworks;
			sourceTree = "<group>";
		};
/* End PBXGroup section */

/* Begin PBXNativeTarget section */
		65B6F83E2B8CD91800AC54A9 /* HaapiModule */ = {
			isa = PBXNativeTarget;
			buildConfigurationList = 65B6F8462B8CD91800AC54A9 /* Build configuration list for PBXNativeTarget "HaapiModule" */;
			buildPhases = (
				475C86EC09D6C430EB9DCD03 /* [CP] Check Pods Manifest.lock */,
				65B6F83B2B8CD91800AC54A9 /* Sources */,
				65B6F83C2B8CD91800AC54A9 /* Frameworks */,
				65B6F83D2B8CD91800AC54A9 /* CopyFiles */,
			);
			buildRules = (
			);
			dependencies = (
			);
			name = HaapiModule;
			productName = HaapiModule;
			productReference = 65B6F83F2B8CD91800AC54A9 /* libHaapiModule.a */;
			productType = "com.apple.product-type.library.static";
		};
/* End PBXNativeTarget section */

/* Begin PBXProject section */
		65B6F8372B8CD91800AC54A9 /* Project object */ = {
			isa = PBXProject;
			attributes = {
				BuildIndependentTargetsInParallel = 1;
				LastSwiftUpdateCheck = 1500;
				LastUpgradeCheck = 1500;
				TargetAttributes = {
					65B6F83E2B8CD91800AC54A9 = {
						CreatedOnToolsVersion = 15.0.1;
						LastSwiftMigration = 1500;
					};
				};
			};
			buildConfigurationList = 65B6F83A2B8CD91800AC54A9 /* Build configuration list for PBXProject "HaapiModule" */;
			compatibilityVersion = "Xcode 14.0";
			developmentRegion = en;
			hasScannedForEncodings = 0;
			knownRegions = (
				en,
				Base,
			);
			mainGroup = 65B6F8362B8CD91800AC54A9;
			productRefGroup = 65B6F8402B8CD91800AC54A9 /* Products */;
			projectDirPath = "";
			projectRoot = "";
			targets = (
				65B6F83E2B8CD91800AC54A9 /* HaapiModule */,
			);
		};
/* End PBXProject section */

/* Begin PBXShellScriptBuildPhase section */
		475C86EC09D6C430EB9DCD03 /* [CP] Check Pods Manifest.lock */ = {
			isa = PBXShellScriptBuildPhase;
			buildActionMask = 2147483647;
			files = (
			);
			inputFileListPaths = (
			);
			inputPaths = (
				"${PODS_PODFILE_DIR_PATH}/Podfile.lock",
				"${PODS_ROOT}/Manifest.lock",
			);
			name = "[CP] Check Pods Manifest.lock";
			outputFileListPaths = (
			);
			outputPaths = (
				"$(DERIVED_FILE_DIR)/Pods-HaapiModule-checkManifestLockResult.txt",
			);
			runOnlyForDeploymentPostprocessing = 0;
			shellPath = /bin/sh;
			shellScript = "diff \"${PODS_PODFILE_DIR_PATH}/Podfile.lock\" \"${PODS_ROOT}/Manifest.lock\" > /dev/null\nif [ $? != 0 ] ; then\n    # print error to STDERR\n    echo \"error: The sandbox is not in sync with the Podfile.lock. Run 'pod install' or update your CocoaPods installation.\" >&2\n    exit 1\nfi\n# This output is used by Xcode 'outputs' to avoid re-running this script phase.\necho \"SUCCESS\" > \"${SCRIPT_OUTPUT_FILE_0}\"\n";
			showEnvVarsInLog = 0;
		};
/* End PBXShellScriptBuildPhase section */

/* Begin PBXSourcesBuildPhase section */
		65B6F83B2B8CD91800AC54A9 /* Sources */ = {
			isa = PBXSourcesBuildPhase;
			buildActionMask = 2147483647;
			files = (
				65B6F86A2B8CDC5500AC54A9 /* ConfigurationHelper.swift in Sources */,
				65B6F8682B8CDC5500AC54A9 /* HaapiModule.swift in Sources */,
				65B6F8692B8CDC5500AC54A9 /* HaapiModule.m in Sources */,
			);
			runOnlyForDeploymentPostprocessing = 0;
		};
/* End PBXSourcesBuildPhase section */

/* Begin XCBuildConfiguration section */
		65B6F8442B8CD91800AC54A9 /* Debug */ = {
			isa = XCBuildConfiguration;
			buildSettings = {
				ALWAYS_SEARCH_USER_PATHS = NO;
				ASSETCATALOG_COMPILER_GENERATE_SWIFT_ASSET_SYMBOL_EXTENSIONS = YES;
				CLANG_ANALYZER_NONNULL = YES;
				CLANG_ANALYZER_NUMBER_OBJECT_CONVERSION = YES_AGGRESSIVE;
				CLANG_CXX_LANGUAGE_STANDARD = "c++17";
				CLANG_ENABLE_MODULES = YES;
				CLANG_ENABLE_OBJC_ARC = YES;
				CLANG_ENABLE_OBJC_WEAK = YES;
				CLANG_WARN_BLOCK_CAPTURE_AUTORELEASING = YES;
				CLANG_WARN_BOOL_CONVERSION = YES;
				CLANG_WARN_COMMA = YES;
				CLANG_WARN_CONSTANT_CONVERSION = YES;
				CLANG_WARN_DEPRECATED_OBJC_IMPLEMENTATIONS = YES;
				CLANG_WARN_DIRECT_OBJC_ISA_USAGE = YES_ERROR;
				CLANG_WARN_DOCUMENTATION_COMMENTS = YES;
				CLANG_WARN_EMPTY_BODY = YES;
				CLANG_WARN_ENUM_CONVERSION = YES;
				CLANG_WARN_INFINITE_RECURSION = YES;
				CLANG_WARN_INT_CONVERSION = YES;
				CLANG_WARN_NON_LITERAL_NULL_CONVERSION = YES;
				CLANG_WARN_OBJC_IMPLICIT_RETAIN_SELF = YES;
				CLANG_WARN_OBJC_LITERAL_CONVERSION = YES;
				CLANG_WARN_OBJC_ROOT_CLASS = YES_ERROR;
				CLANG_WARN_QUOTED_INCLUDE_IN_FRAMEWORK_HEADER = YES;
				CLANG_WARN_RANGE_LOOP_ANALYSIS = YES;
				CLANG_WARN_STRICT_PROTOTYPES = YES;
				CLANG_WARN_SUSPICIOUS_MOVE = YES;
				CLANG_WARN_UNGUARDED_AVAILABILITY = YES_AGGRESSIVE;
				CLANG_WARN_UNREACHABLE_CODE = YES;
				CLANG_WARN__DUPLICATE_METHOD_MATCH = YES;
				COPY_PHASE_STRIP = NO;
				DEBUG_INFORMATION_FORMAT = dwarf;
				ENABLE_STRICT_OBJC_MSGSEND = YES;
				ENABLE_TESTABILITY = YES;
				ENABLE_USER_SCRIPT_SANDBOXING = YES;
				"EXCLUDED_ARCHS[sdk=iphonesimulator*]" = i386;
				GCC_C_LANGUAGE_STANDARD = gnu17;
				GCC_DYNAMIC_NO_PIC = NO;
				GCC_NO_COMMON_BLOCKS = YES;
				GCC_OPTIMIZATION_LEVEL = 0;
				GCC_PREPROCESSOR_DEFINITIONS = (
					"DEBUG=1",
					"$(inherited)",
					_LIBCPP_ENABLE_CXX17_REMOVED_UNARY_BINARY_FUNCTION,
				);
				GCC_WARN_64_TO_32_BIT_CONVERSION = YES;
				GCC_WARN_ABOUT_RETURN_TYPE = YES_ERROR;
				GCC_WARN_UNDECLARED_SELECTOR = YES;
				GCC_WARN_UNINITIALIZED_AUTOS = YES_AGGRESSIVE;
				GCC_WARN_UNUSED_FUNCTION = YES;
				GCC_WARN_UNUSED_VARIABLE = YES;
				IPHONEOS_DEPLOYMENT_TARGET = 14.0;
				LOCALIZATION_PREFERS_STRING_CATALOGS = YES;
				MTL_ENABLE_DEBUG_INFO = INCLUDE_SOURCE;
				MTL_FAST_MATH = YES;
				ONLY_ACTIVE_ARCH = YES;
				OTHER_CFLAGS = "$(inherited)";
				OTHER_CPLUSPLUSFLAGS = "$(inherited)";
				OTHER_LDFLAGS = (
					"$(inherited)",
					"-Wl",
					"-ld_classic",
				);
				REACT_NATIVE_PATH = "${PODS_ROOT}/../../node_modules/react-native";
				SDKROOT = iphoneos;
				SWIFT_ACTIVE_COMPILATION_CONDITIONS = "DEBUG $(inherited)";
				SWIFT_OBJC_BRIDGING_HEADER = "HaapiModule/HaapiModule-Bridging-Header.h";
				SWIFT_OPTIMIZATION_LEVEL = "-Onone";
				USE_HERMES = true;
			};
			name = Debug;
		};
		65B6F8452B8CD91800AC54A9 /* Release */ = {
			isa = XCBuildConfiguration;
			buildSettings = {
				ALWAYS_SEARCH_USER_PATHS = NO;
				ASSETCATALOG_COMPILER_GENERATE_SWIFT_ASSET_SYMBOL_EXTENSIONS = YES;
				CLANG_ANALYZER_NONNULL = YES;
				CLANG_ANALYZER_NUMBER_OBJECT_CONVERSION = YES_AGGRESSIVE;
				CLANG_CXX_LANGUAGE_STANDARD = "c++17";
				CLANG_ENABLE_MODULES = YES;
				CLANG_ENABLE_OBJC_ARC = YES;
				CLANG_ENABLE_OBJC_WEAK = YES;
				CLANG_WARN_BLOCK_CAPTURE_AUTORELEASING = YES;
				CLANG_WARN_BOOL_CONVERSION = YES;
				CLANG_WARN_COMMA = YES;
				CLANG_WARN_CONSTANT_CONVERSION = YES;
				CLANG_WARN_DEPRECATED_OBJC_IMPLEMENTATIONS = YES;
				CLANG_WARN_DIRECT_OBJC_ISA_USAGE = YES_ERROR;
				CLANG_WARN_DOCUMENTATION_COMMENTS = YES;
				CLANG_WARN_EMPTY_BODY = YES;
				CLANG_WARN_ENUM_CONVERSION = YES;
				CLANG_WARN_INFINITE_RECURSION = YES;
				CLANG_WARN_INT_CONVERSION = YES;
				CLANG_WARN_NON_LITERAL_NULL_CONVERSION = YES;
				CLANG_WARN_OBJC_IMPLICIT_RETAIN_SELF = YES;
				CLANG_WARN_OBJC_LITERAL_CONVERSION = YES;
				CLANG_WARN_OBJC_ROOT_CLASS = YES_ERROR;
				CLANG_WARN_QUOTED_INCLUDE_IN_FRAMEWORK_HEADER = YES;
				CLANG_WARN_RANGE_LOOP_ANALYSIS = YES;
				CLANG_WARN_STRICT_PROTOTYPES = YES;
				CLANG_WARN_SUSPICIOUS_MOVE = YES;
				CLANG_WARN_UNGUARDED_AVAILABILITY = YES_AGGRESSIVE;
				CLANG_WARN_UNREACHABLE_CODE = YES;
				CLANG_WARN__DUPLICATE_METHOD_MATCH = YES;
				COPY_PHASE_STRIP = NO;
				DEBUG_INFORMATION_FORMAT = "dwarf-with-dsym";
				ENABLE_NS_ASSERTIONS = NO;
				ENABLE_STRICT_OBJC_MSGSEND = YES;
				ENABLE_USER_SCRIPT_SANDBOXING = YES;
				"EXCLUDED_ARCHS[sdk=iphonesimulator*]" = i386;
				GCC_C_LANGUAGE_STANDARD = gnu17;
				GCC_NO_COMMON_BLOCKS = YES;
				GCC_PREPROCESSOR_DEFINITIONS = (
					"$(inherited)",
					_LIBCPP_ENABLE_CXX17_REMOVED_UNARY_BINARY_FUNCTION,
				);
				GCC_WARN_64_TO_32_BIT_CONVERSION = YES;
				GCC_WARN_ABOUT_RETURN_TYPE = YES_ERROR;
				GCC_WARN_UNDECLARED_SELECTOR = YES;
				GCC_WARN_UNINITIALIZED_AUTOS = YES_AGGRESSIVE;
				GCC_WARN_UNUSED_FUNCTION = YES;
				GCC_WARN_UNUSED_VARIABLE = YES;
				IPHONEOS_DEPLOYMENT_TARGET = 14.0;
				LOCALIZATION_PREFERS_STRING_CATALOGS = YES;
				MTL_ENABLE_DEBUG_INFO = NO;
				MTL_FAST_MATH = YES;
				OTHER_CFLAGS = "$(inherited)";
				OTHER_CPLUSPLUSFLAGS = "$(inherited)";
				OTHER_LDFLAGS = (
					"$(inherited)",
					"-Wl",
					"-ld_classic",
				);
				REACT_NATIVE_PATH = "${PODS_ROOT}/../../node_modules/react-native";
				SDKROOT = iphoneos;
				SWIFT_COMPILATION_MODE = wholemodule;
				SWIFT_OBJC_BRIDGING_HEADER = "HaapiModule/HaapiModule-Bridging-Header.h";
				USE_HERMES = true;
				VALIDATE_PRODUCT = YES;
			};
			name = Release;
		};
		65B6F8472B8CD91800AC54A9 /* Debug */ = {
			isa = XCBuildConfiguration;
			baseConfigurationReference = 2064A052866A8BEFDEC5032B /* Pods-HaapiModule.debug.xcconfig */;
			buildSettings = {
				CLANG_ENABLE_MODULES = YES;
				CODE_SIGN_STYLE = Automatic;
				DEVELOPMENT_TEAM = ALY8Q7BNK9;
				OTHER_LDFLAGS = "-ObjC";
				PRODUCT_NAME = "$(TARGET_NAME)";
				SKIP_INSTALL = YES;
				SWIFT_OBJC_BRIDGING_HEADER = "HaapiModule/HaapiModule-Bridging-Header.h";
				SWIFT_OPTIMIZATION_LEVEL = "-Onone";
				SWIFT_VERSION = 5.0;
				TARGETED_DEVICE_FAMILY = "1,2";
			};
			name = Debug;
		};
		65B6F8482B8CD91800AC54A9 /* Release */ = {
			isa = XCBuildConfiguration;
			baseConfigurationReference = 9654A8B9DEEC1259A745EA63 /* Pods-HaapiModule.release.xcconfig */;
			buildSettings = {
				CLANG_ENABLE_MODULES = YES;
				CODE_SIGN_STYLE = Automatic;
				DEVELOPMENT_TEAM = ALY8Q7BNK9;
				OTHER_LDFLAGS = "-ObjC";
				PRODUCT_NAME = "$(TARGET_NAME)";
				SKIP_INSTALL = YES;
				SWIFT_OBJC_BRIDGING_HEADER = "HaapiModule/HaapiModule-Bridging-Header.h";
				SWIFT_VERSION = 5.0;
				TARGETED_DEVICE_FAMILY = "1,2";
			};
			name = Release;
		};
/* End XCBuildConfiguration section */

/* Begin XCConfigurationList section */
		65B6F83A2B8CD91800AC54A9 /* Build configuration list for PBXProject "HaapiModule" */ = {
			isa = XCConfigurationList;
			buildConfigurations = (
				65B6F8442B8CD91800AC54A9 /* Debug */,
				65B6F8452B8CD91800AC54A9 /* Release */,
			);
			defaultConfigurationIsVisible = 0;
			defaultConfigurationName = Release;
		};
		65B6F8462B8CD91800AC54A9 /* Build configuration list for PBXNativeTarget "HaapiModule" */ = {
			isa = XCConfigurationList;
			buildConfigurations = (
				65B6F8472B8CD91800AC54A9 /* Debug */,
				65B6F8482B8CD91800AC54A9 /* Release */,
			);
			defaultConfigurationIsVisible = 0;
			defaultConfigurationName = Release;
		};
/* End XCConfigurationList section */
	};
	rootObject = 65B6F8372B8CD91800AC54A9 /* Project object */;
}
